
Microsoft Visual Studio Solution File, Format Version 12.00
# Visual Studio Version 17
VisualStudioVersion = 17.5.33414.496
MinimumVisualStudioVersion = 10.0.40219.1
Project("{FAE04EC0-301F-11D3-BF4B-00C04F79EFBC}") = "Project2_Group_15", "Project2_Group_15.csproj", "{A203828B-2477-433B-A7C8-038D563634BA}"
EndProject
Global
	GlobalSection(SolutionConfigurationPlatforms) = preSolution
		Debug|Any CPU = Debug|Any CPU
		Release|Any CPU = Release|Any CPU
	EndGlobalSection
	GlobalSection(ProjectConfigurationPlatforms) = postSolution
		{A203828B-2477-433B-A7C8-038D563634BA}.Debug|Any CPU.ActiveCfg = Debug|Any CPU
		{A203828B-2477-433B-A7C8-038D563634BA}.Debug|Any CPU.Build.0 = Debug|Any CPU
		{A203828B-2477-433B-A7C8-038D563634BA}.Release|Any CPU.ActiveCfg = Release|Any CPU
		{A203828B-2477-433B-A7C8-038D563634BA}.Release|Any CPU.Build.0 = Release|Any CPU
	EndGlobalSection
	GlobalSection(SolutionProperties) = preSolution
		HideSolutionNode = FALSE
	EndGlobalSection
	GlobalSection(ExtensibilityGlobals) = postSolution
		SolutionGuid = {3146896B-1453-4273-A19B-3089C33056BE}
	EndGlobalSection
EndGlobal
